
Microsoft Visual Studio Solution File, Format Version 12.00
# Visual Studio Version 17
VisualStudioVersion = 17.7.34221.43
MinimumVisualStudioVersion = 10.0.40219.1
Project("{FAE04EC0-301F-11D3-BF4B-00C04F79EFBC}") = "SendPostRequest", "SendPostRequest.csproj", "{F38BDE17-094A-4DFC-BBF2-98CEA61ADB1B}"
EndProject
Global
	GlobalSection(SolutionConfigurationPlatforms) = preSolution
		Debug|Any CPU = Debug|Any CPU
		Release|Any CPU = Release|Any CPU
	EndGlobalSection
	GlobalSection(ProjectConfigurationPlatforms) = postSolution
		{F38BDE17-094A-4DFC-BBF2-98CEA61ADB1B}.Debug|Any CPU.ActiveCfg = Debug|Any CPU
		{F38BDE17-094A-4DFC-BBF2-98CEA61ADB1B}.Debug|Any CPU.Build.0 = Debug|Any CPU
		{F38BDE17-094A-4DFC-BBF2-98CEA61ADB1B}.Release|Any CPU.ActiveCfg = Release|Any CPU
		{F38BDE17-094A-4DFC-BBF2-98CEA61ADB1B}.Release|Any CPU.Build.0 = Release|Any CPU
	EndGlobalSection
	GlobalSection(SolutionProperties) = preSolution
		HideSolutionNode = FALSE
	EndGlobalSection
	GlobalSection(ExtensibilityGlobals) = postSolution
		SolutionGuid = {11B1D254-B1AC-42F7-B7A0-25BB0F3DEC3C}
	EndGlobalSection
EndGlobal
